
Microsoft Visual Studio Solution File, Format Version 12.00
# Visual Studio 15
VisualStudioVersion = 15.0.28010.2003
MinimumVisualStudioVersion = 10.0.40219.1
Project("{FAE04EC0-301F-11D3-BF4B-00C04F79EFBC}") = "VovaStroitKust", "VovaStroitKust\VovaStroitKust.csproj", "{27286E39-FCBB-4EEE-88D8-A3E2FBAA8029}"
EndProject
Global
	GlobalSection(SolutionConfigurationPlatforms) = preSolution
		Debug|Any CPU = Debug|Any CPU
		Release|Any CPU = Release|Any CPU
	EndGlobalSection
	GlobalSection(ProjectConfigurationPlatforms) = postSolution
		{27286E39-FCBB-4EEE-88D8-A3E2FBAA8029}.Debug|Any CPU.ActiveCfg = Debug|Any CPU
		{27286E39-FCBB-4EEE-88D8-A3E2FBAA8029}.Debug|Any CPU.Build.0 = Debug|Any CPU
		{27286E39-FCBB-4EEE-88D8-A3E2FBAA8029}.Release|Any CPU.ActiveCfg = Release|Any CPU
		{27286E39-FCBB-4EEE-88D8-A3E2FBAA8029}.Release|Any CPU.Build.0 = Release|Any CPU
	EndGlobalSection
	GlobalSection(SolutionProperties) = preSolution
		HideSolutionNode = FALSE
	EndGlobalSection
	GlobalSection(ExtensibilityGlobals) = postSolution
		SolutionGuid = {5928D88A-2980-4E5F-9600-92EBDABDA6B7}
	EndGlobalSection
EndGlobal
